
Microsoft Visual Studio Solution File, Format Version 12.00
# Visual Studio Express 2013 for Web
VisualStudioVersion = 12.0.21005.1
MinimumVisualStudioVersion = 10.0.40219.1
Project("{FAE04EC0-301F-11D3-BF4B-00C04F79EFBC}") = "MongoDBAPI", "MongoDBAPI\MongoDBAPI.csproj", "{4F4D7B9B-658F-4CE7-8A07-61FC38AA21C9}"
EndProject
Project("{FAE04EC0-301F-11D3-BF4B-00C04F79EFBC}") = "MongoDBAPI.Tests", "MongoDBAPI.Tests\MongoDBAPI.Tests.csproj", "{101A8E15-8B4B-4EF6-BCA5-349D0EE61BCA}"
EndProject
Project("{FAE04EC0-301F-11D3-BF4B-00C04F79EFBC}") = "WebClient", "WebClient\WebClient.csproj", "{BABA6EBC-6654-46FD-9386-1969D8A6AC68}"
EndProject
Global
	GlobalSection(SolutionConfigurationPlatforms) = preSolution
		Debug|Any CPU = Debug|Any CPU
		Release|Any CPU = Release|Any CPU
	EndGlobalSection
	GlobalSection(ProjectConfigurationPlatforms) = postSolution
		{4F4D7B9B-658F-4CE7-8A07-61FC38AA21C9}.Debug|Any CPU.ActiveCfg = Debug|Any CPU
		{4F4D7B9B-658F-4CE7-8A07-61FC38AA21C9}.Debug|Any CPU.Build.0 = Debug|Any CPU
		{4F4D7B9B-658F-4CE7-8A07-61FC38AA21C9}.Release|Any CPU.ActiveCfg = Release|Any CPU
		{4F4D7B9B-658F-4CE7-8A07-61FC38AA21C9}.Release|Any CPU.Build.0 = Release|Any CPU
		{101A8E15-8B4B-4EF6-BCA5-349D0EE61BCA}.Debug|Any CPU.ActiveCfg = Debug|Any CPU
		{101A8E15-8B4B-4EF6-BCA5-349D0EE61BCA}.Debug|Any CPU.Build.0 = Debug|Any CPU
		{101A8E15-8B4B-4EF6-BCA5-349D0EE61BCA}.Release|Any CPU.ActiveCfg = Release|Any CPU
		{101A8E15-8B4B-4EF6-BCA5-349D0EE61BCA}.Release|Any CPU.Build.0 = Release|Any CPU
		{BABA6EBC-6654-46FD-9386-1969D8A6AC68}.Debug|Any CPU.ActiveCfg = Debug|Any CPU
		{BABA6EBC-6654-46FD-9386-1969D8A6AC68}.Debug|Any CPU.Build.0 = Debug|Any CPU
		{BABA6EBC-6654-46FD-9386-1969D8A6AC68}.Release|Any CPU.ActiveCfg = Release|Any CPU
		{BABA6EBC-6654-46FD-9386-1969D8A6AC68}.Release|Any CPU.Build.0 = Release|Any CPU
	EndGlobalSection
	GlobalSection(SolutionProperties) = preSolution
		HideSolutionNode = FALSE
	EndGlobalSection
EndGlobal
